# This file is automatically @generated by Cargo.
# It is not intended for manual editing.
version = 3

[[package]]
name = "aho-corasick"
version = "0.7.18"
source = "registry+https://github.com/rust-lang/crates.io-index"
checksum = "1e37cfd5e7657ada45f742d6e99ca5788580b5c529dc78faf11ece6dc702656f"
dependencies = [
 "memchr",
]

[[package]]
name = "anes"
version = "0.1.4"
source = "registry+https://github.com/rust-lang/crates.io-index"
checksum = "e5e04b263cb24d859f06563beb27213c7bbfff2c61513763578eba297f4314e4"

[[package]]
name = "arc-swap"
version = "0.4.0"
source = "registry+https://github.com/rust-lang/crates.io-index"
checksum = "6e43c468bcaa343ddcad9e46806e066e39f62434898b20f5af21261da910d5c7"

[[package]]
name = "async-channel"
version = "1.5.1"
source = "registry+https://github.com/rust-lang/crates.io-index"
checksum = "59740d83946db6a5af71ae25ddf9562c2b176b2ca42cf99a455f09f4a220d6b9"
dependencies = [
 "concurrent-queue",
 "event-listener 2.4.0",
 "futures-core",
]

[[package]]
name = "async-executor"
version = "1.3.0"
source = "registry+https://github.com/rust-lang/crates.io-index"
checksum = "d373d78ded7d0b3fa8039375718cde0aace493f2e34fb60f51cbf567562ca801"
dependencies = [
 "async-task 4.0.0",
 "concurrent-queue",
 "fastrand",
 "futures-lite",
 "once_cell",
 "vec-arena",
]

[[package]]
name = "async-global-executor"
version = "1.4.0"
source = "registry+https://github.com/rust-lang/crates.io-index"
checksum = "0659b83a146398616883aa5199cdd1b055ec088a83c9a338eab3534f33f0622e"
dependencies = [
 "async-executor",
 "async-io",
 "futures-lite",
 "num_cpus",
 "once_cell",
]

[[package]]
name = "async-io"
version = "1.0.1"
source = "registry+https://github.com/rust-lang/crates.io-index"
checksum = "016a7f0eda7091ef24ad8562d6503ad8da47af8c432d4d3fa440eea9e89055fe"
dependencies = [
 "cfg-if 0.1.10",
 "concurrent-queue",
 "fastrand",
 "futures-lite",
 "libc",
 "log",
 "once_cell",
 "parking",
 "polling",
 "socket2 0.3.16",
 "vec-arena",
 "waker-fn",
 "wepoll-sys-stjepang",
 "winapi",
]

[[package]]
name = "async-mutex"
version = "1.1.3"
source = "registry+https://github.com/rust-lang/crates.io-index"
checksum = "7685ce9f0bbc046731a469dd6e17361b0403aa79e6e15c9492e15f3118dfe196"
dependencies = [
 "event-listener 1.2.0",
]

[[package]]
name = "async-object-pool"
version = "0.1.4"
source = "registry+https://github.com/rust-lang/crates.io-index"
checksum = "aeb901c30ebc2fc4ab46395bbfbdba9542c16559d853645d75190c3056caf3bc"
dependencies = [
 "async-std",
]

[[package]]
name = "async-process"
version = "1.0.1"
source = "registry+https://github.com/rust-lang/crates.io-index"
checksum = "4c8cea09c1fb10a317d1b5af8024eeba256d6554763e85ecd90ff8df31c7bbda"
dependencies = [
 "async-io",
 "blocking",
 "cfg-if 0.1.10",
 "event-listener 2.4.0",
 "futures-lite",
 "once_cell",
 "signal-hook",
 "winapi",
]

[[package]]
name = "async-resource"
version = "0.1.0"
source = "registry+https://github.com/rust-lang/crates.io-index"
checksum = "ae7aeb0989cb147010272b3e1d326ca6a723d34804a9d6f1139ac24171fd6979"
dependencies = [
 "concurrent-queue",
 "futures-util",
 "multitask",
 "option-lock",
]

[[package]]
name = "async-std"
version = "1.8.0"
source = "registry+https://github.com/rust-lang/crates.io-index"
checksum = "8f9f84f1280a2b436a2c77c2582602732b6c2f4321d5494d6e799e6c367859a8"
dependencies = [
 "async-channel",
 "async-global-executor",
 "async-io",
 "async-mutex",
 "async-process",
 "blocking",
 "crossbeam-utils 0.8.15",
 "futures-channel",
 "futures-core",
 "futures-io",
 "futures-lite",
 "gloo-timers",
 "kv-log-macro",
 "log",
 "memchr",
 "num_cpus",
 "once_cell",
 "pin-project-lite 0.2.6",
 "pin-utils",
 "slab",
 "wasm-bindgen-futures",
]

[[package]]
name = "async-task"
version = "3.0.0"
source = "registry+https://github.com/rust-lang/crates.io-index"
checksum = "c17772156ef2829aadc587461c7753af20b7e8db1529bc66855add962a3b35d3"

[[package]]
name = "async-task"
version = "4.0.0"
source = "registry+https://github.com/rust-lang/crates.io-index"
checksum = "7c37ba09c1b5185eb9897a5cef32770031f58fa92d9a5f79eb50cae5030b39c1"

[[package]]
name = "atomic-waker"
version = "1.0.0"
source = "registry+https://github.com/rust-lang/crates.io-index"
checksum = "065374052e7df7ee4047b1160cca5e1467a12351a40b3da123c870ba0b8eda2a"

[[package]]
name = "atty"
version = "0.2.6"
source = "registry+https://github.com/rust-lang/crates.io-index"
checksum = "8352656fd42c30a0c3c89d26dea01e3b77c0ab2af18230835c15e2e13cd51859"
dependencies = [
 "libc",
 "termion",
 "winapi",
]

[[package]]
name = "autocfg"
version = "0.1.6"
source = "registry+https://github.com/rust-lang/crates.io-index"
checksum = "b671c8fb71b457dd4ae18c4ba1e59aa81793daacc361d82fcd410cef0d491875"

[[package]]
name = "autocfg"
version = "1.1.0"
source = "registry+https://github.com/rust-lang/crates.io-index"
checksum = "d468802bab17cbc0cc575e9b053f41e72aa36bfa6b7f55e3529ffa43161b97fa"

[[package]]
name = "bit-set"
version = "0.5.0"
source = "registry+https://github.com/rust-lang/crates.io-index"
checksum = "6f1efcc46c18245a69c38fcc5cc650f16d3a59d034f3106e9ed63748f695730a"
dependencies = [
 "bit-vec",
]

[[package]]
name = "bit-vec"
version = "0.5.0"
source = "registry+https://github.com/rust-lang/crates.io-index"
checksum = "4440d5cb623bb7390ae27fec0bb6c61111969860f8e3ae198bfa0663645e67cf"

[[package]]
name = "bitflags"
version = "1.2.0"
source = "registry+https://github.com/rust-lang/crates.io-index"
checksum = "8a606a02debe2813760609f57a64a2ffd27d9fdf5b2f133eaca0b248dd92cdd2"

[[package]]
name = "blocking"
version = "1.0.0"
source = "registry+https://github.com/rust-lang/crates.io-index"
checksum = "2640778f8053e72c11f621b0a5175a0560a269282aa98ed85107773ab8e2a556"
dependencies = [
 "async-channel",
 "atomic-waker",
 "fastrand",
 "futures-lite",
 "once_cell",
 "waker-fn",
]

[[package]]
name = "bumpalo"
version = "3.2.1"
source = "registry+https://github.com/rust-lang/crates.io-index"
checksum = "12ae9db68ad7fac5fe51304d20f016c911539251075a214f8e663babefa35187"

[[package]]
name = "byteorder"
version = "1.2.3"
source = "registry+https://github.com/rust-lang/crates.io-index"
checksum = "74c0b906e9446b0a2e4f760cdb3fa4b2c48cdc6db8766a845c54b6ff063fd2e9"

[[package]]
name = "bytes"
version = "1.0.0"
source = "registry+https://github.com/rust-lang/crates.io-index"
checksum = "ad1f8e949d755f9d79112b5bb46938e0ef9d3804a0b16dfab13aafcaa5f0fa72"

[[package]]
name = "cache-padded"
version = "1.1.1"
source = "registry+https://github.com/rust-lang/crates.io-index"
checksum = "631ae5198c9be5e753e5cc215e1bd73c2b466a3565173db433f52bb9d3e66dba"

[[package]]
name = "cast"
version = "0.3.0"
source = "registry+https://github.com/rust-lang/crates.io-index"
checksum = "37b2a672a2cb129a2e41c10b1224bb368f9f37a2b16b612598138befd7b37eb5"

[[package]]
name = "cc"
version = "1.0.0"
source = "registry+https://github.com/rust-lang/crates.io-index"
checksum = "7db2f146208d7e0fbee761b09cd65a7f51ccc38705d4e7262dad4d73b12a76b1"

[[package]]
name = "cfg-if"
version = "0.1.10"
source = "registry+https://github.com/rust-lang/crates.io-index"
checksum = "4785bdd1c96b2a846b2bd7cc02e86b6b3dbf14e7e53446c4f54c92a361040822"

[[package]]
name = "cfg-if"
version = "1.0.0"
source = "registry+https://github.com/rust-lang/crates.io-index"
checksum = "baf1de4339761588bc0619e3cbc0120ee582ebb74b53b4efbf79117bd2da40fd"

[[package]]
name = "ciborium"
version = "0.2.0"
source = "registry+https://github.com/rust-lang/crates.io-index"
checksum = "b0c137568cc60b904a7724001b35ce2630fd00d5d84805fbb608ab89509d788f"
dependencies = [
 "ciborium-io",
 "ciborium-ll",
 "serde",
]

[[package]]
name = "ciborium-io"
version = "0.2.0"
source = "registry+https://github.com/rust-lang/crates.io-index"
checksum = "346de753af073cc87b52b2083a506b38ac176a44cfb05497b622e27be899b369"

[[package]]
name = "ciborium-ll"
version = "0.2.0"
source = "registry+https://github.com/rust-lang/crates.io-index"
checksum = "213030a2b5a4e0c0892b6652260cf6ccac84827b83a85a534e178e3906c4cf1b"
dependencies = [
 "ciborium-io",
 "half",
]

[[package]]
name = "clap"
version = "3.1.0"
source = "registry+https://github.com/rust-lang/crates.io-index"
checksum = "e5f1fea81f183005ced9e59cdb01737ef2423956dac5a6d731b06b2ecfaa3467"
dependencies = [
 "bitflags",
 "indexmap",
 "os_str_bytes",
 "textwrap",
]

[[package]]
name = "concurrent-queue"
version = "1.2.2"
source = "registry+https://github.com/rust-lang/crates.io-index"
checksum = "30ed07550be01594c6026cff2a1d7fe9c8f683caa798e12b68694ac9e88286a3"
dependencies = [
 "cache-padded",
]

[[package]]
name = "criterion"
version = "0.4.0"
source = "registry+https://github.com/rust-lang/crates.io-index"
checksum = "e7c76e09c1aae2bc52b3d2f29e13c6572553b30c4aa1b8a49fd70de6412654cb"
dependencies = [
 "anes",
 "atty",
 "cast",
 "ciborium",
 "clap",
 "criterion-plot",
 "futures",
 "itertools",
 "lazy_static",
 "num-traits 0.2.15",
 "oorandom",
 "plotters",
 "rayon",
 "regex",
 "serde",
 "serde_derive",
 "serde_json",
 "tinytemplate",
 "tokio",
 "walkdir",
]

[[package]]
name = "criterion-plot"
version = "0.5.0"
source = "registry+https://github.com/rust-lang/crates.io-index"
checksum = "6b50826342786a51a89e2da3a28f1c32b06e387201bc2d19791f622c673706b1"
dependencies = [
 "cast",
 "itertools",
]

[[package]]
name = "crossbeam-deque"
version = "0.7.4"
source = "registry+https://github.com/rust-lang/crates.io-index"
checksum = "c20ff29ded3204c5106278a81a38f4b482636ed4fa1e6cfbeef193291beb29ed"
dependencies = [
 "crossbeam-epoch",
 "crossbeam-utils 0.7.0",
 "maybe-uninit",
]

[[package]]
name = "crossbeam-epoch"
version = "0.8.0"
source = "registry+https://github.com/rust-lang/crates.io-index"
checksum = "5064ebdbf05ce3cb95e45c8b086f72263f4166b29b97f6baff7ef7fe047b55ac"
dependencies = [
 "autocfg 0.1.6",
 "cfg-if 0.1.10",
 "crossbeam-utils 0.7.0",
 "lazy_static",
 "memoffset",
 "scopeguard",
]

[[package]]
name = "crossbeam-queue"
version = "0.2.0"
source = "registry+https://github.com/rust-lang/crates.io-index"
checksum = "dfd6515864a82d2f877b42813d4553292c6659498c9a2aa31bab5a15243c2700"
dependencies = [
 "crossbeam-utils 0.7.0",
]

[[package]]
name = "crossbeam-queue"
version = "0.3.8"
source = "registry+https://github.com/rust-lang/crates.io-index"
checksum = "d1cfb3ea8a53f37c40dea2c7bedcbd88bdfae54f5e2175d6ecaff1c988353add"
dependencies = [
 "cfg-if 1.0.0",
 "crossbeam-utils 0.8.15",
]

[[package]]
name = "crossbeam-utils"
version = "0.7.0"
source = "registry+https://github.com/rust-lang/crates.io-index"
checksum = "ce446db02cdc3165b94ae73111e570793400d0794e46125cc4056c81cbb039f4"
dependencies = [
 "autocfg 0.1.6",
 "cfg-if 0.1.10",
 "lazy_static",
]

[[package]]
name = "crossbeam-utils"
version = "0.8.15"
source = "registry+https://github.com/rust-lang/crates.io-index"
checksum = "3c063cd8cc95f5c377ed0d4b49a4b21f632396ff690e8470c29b3359b346984b"
dependencies = [
 "cfg-if 1.0.0",
]

[[package]]
name = "dtoa"
version = "0.4.0"
source = "registry+https://github.com/rust-lang/crates.io-index"
checksum = "5edd69c67b2f8e0911629b7e6b8a34cb3956613cd7c6e6414966dee349c2db4f"

[[package]]
name = "either"
version = "1.0.0"
source = "registry+https://github.com/rust-lang/crates.io-index"
checksum = "5845bf77d497f79416df39462df26d4a8b71dd6440246848ee63709476dbb9a6"

[[package]]
name = "event-listener"
version = "1.2.0"
source = "registry+https://github.com/rust-lang/crates.io-index"
checksum = "043d21a617dda31c36aed31a38f4ebb643a6fa55c2963fd9f0cc1c831e5095d7"

[[package]]
name = "event-listener"
version = "2.4.0"
source = "registry+https://github.com/rust-lang/crates.io-index"
checksum = "e1cd41440ae7e4734bbd42302f63eaba892afc93a3912dad84006247f0dedb0e"

[[package]]
name = "fastrand"
version = "1.3.4"
source = "registry+https://github.com/rust-lang/crates.io-index"
checksum = "4bd3bdaaf0a72155260a1c098989b60db1cbb22d6a628e64f16237aa4da93cc7"

[[package]]
name = "fnv"
version = "1.0.0"
source = "registry+https://github.com/rust-lang/crates.io-index"
checksum = "23c5f769d0418837c08fc1fafc29a25baebe21b7eb4e3149db11c37a2019d74c"

[[package]]
name = "fuchsia-zircon"
version = "0.3.1"
source = "registry+https://github.com/rust-lang/crates.io-index"
checksum = "3b5365afd01fdf916e775a224e844f80b3b9710d0f4f00903e219e859474d7ae"
dependencies = [
 "bitflags",
 "fuchsia-zircon-sys",
]

[[package]]
name = "fuchsia-zircon-sys"
version = "0.3.1"
source = "registry+https://github.com/rust-lang/crates.io-index"
checksum = "069def9a0e5feb7e9120635f6ebad24d853a6affbb077fec84d0888316cf9ae6"

[[package]]
name = "futures"
version = "0.3.27"
source = "registry+https://github.com/rust-lang/crates.io-index"
checksum = "531ac96c6ff5fd7c62263c5e3c67a603af4fcaee2e1a0ae5565ba3a11e69e549"
dependencies = [
 "futures-channel",
 "futures-core",
 "futures-executor",
 "futures-io",
 "futures-sink",
 "futures-task",
 "futures-util",
]

[[package]]
name = "futures-channel"
version = "0.3.27"
source = "registry+https://github.com/rust-lang/crates.io-index"
checksum = "164713a5a0dcc3e7b4b1ed7d3b433cabc18025386f9339346e8daf15963cf7ac"
dependencies = [
 "futures-core",
 "futures-sink",
]

[[package]]
name = "futures-core"
version = "0.3.27"
source = "registry+https://github.com/rust-lang/crates.io-index"
checksum = "86d7a0c1aa76363dac491de0ee99faf6941128376f1cf96f07db7603b7de69dd"

[[package]]
name = "futures-executor"
version = "0.3.27"
source = "registry+https://github.com/rust-lang/crates.io-index"
checksum = "1997dd9df74cdac935c76252744c1ed5794fac083242ea4fe77ef3ed60ba0f83"
dependencies = [
 "futures-core",
 "futures-task",
 "futures-util",
]

[[package]]
name = "futures-io"
version = "0.3.27"
source = "registry+https://github.com/rust-lang/crates.io-index"
checksum = "89d422fa3cbe3b40dca574ab087abb5bc98258ea57eea3fd6f1fa7162c778b91"

[[package]]
name = "futures-lite"
version = "1.11.0"
source = "registry+https://github.com/rust-lang/crates.io-index"
checksum = "37b9527bac39e9b07cc01b51c888f94d31d94c9702501352bc916c2ff7c7c85b"
dependencies = [
 "fastrand",
 "futures-core",
 "futures-io",
 "memchr",
 "parking",
 "pin-project-lite 0.1.12",
 "waker-fn",
]

[[package]]
name = "futures-macro"
version = "0.3.27"
source = "registry+https://github.com/rust-lang/crates.io-index"
checksum = "3eb14ed937631bd8b8b8977f2c198443447a8355b6e3ca599f38c975e5a963b6"
dependencies = [
 "proc-macro2",
 "quote",
 "syn",
]

[[package]]
name = "futures-sink"
version = "0.3.27"
source = "registry+https://github.com/rust-lang/crates.io-index"
checksum = "ec93083a4aecafb2a80a885c9de1f0ccae9dbd32c2bb54b0c3a65690e0b8d2f2"

[[package]]
name = "futures-task"
version = "0.3.27"
source = "registry+https://github.com/rust-lang/crates.io-index"
checksum = "fd65540d33b37b16542a0438c12e6aeead10d4ac5d05bd3f805b8f35ab592879"

[[package]]
name = "futures-util"
version = "0.3.27"
source = "registry+https://github.com/rust-lang/crates.io-index"
checksum = "3ef6b17e481503ec85211fed8f39d1970f128935ca1f814cd32ac4a6842e84ab"
dependencies = [
 "futures-channel",
 "futures-core",
 "futures-io",
 "futures-macro",
 "futures-sink",
 "futures-task",
 "memchr",
 "pin-project-lite 0.2.6",
 "pin-utils",
 "slab",
]

[[package]]
name = "getrandom"
version = "0.2.0"
source = "registry+https://github.com/rust-lang/crates.io-index"
checksum = "ee8025cf36f917e6a52cce185b7c7177689b838b7ec138364e50cc2277a56cf4"
dependencies = [
 "cfg-if 0.1.10",
 "libc",
 "wasi 0.9.0+wasi-snapshot-preview1",
]

[[package]]
name = "gloo-timers"
version = "0.2.1"
source = "registry+https://github.com/rust-lang/crates.io-index"
checksum = "47204a46aaff920a1ea58b11d03dec6f704287d27561724a4631e450654a891f"
dependencies = [
 "futures-channel",
 "futures-core",
 "js-sys",
 "wasm-bindgen",
 "web-sys",
]

[[package]]
name = "half"
version = "1.6.0"
source = "registry+https://github.com/rust-lang/crates.io-index"
checksum = "d36fab90f82edc3c747f9d438e06cf0a491055896f2a279638bb5beed6c40177"

[[package]]
name = "hashbrown"
version = "0.8.1"
source = "registry+https://github.com/rust-lang/crates.io-index"
checksum = "34f595585f103464d8d2f6e9864682d74c1601fed5e07d62b1c9058dba8246fb"
dependencies = [
 "autocfg 1.1.0",
]

[[package]]
name = "hermit-abi"
version = "0.1.3"
source = "registry+https://github.com/rust-lang/crates.io-index"
checksum = "307c3c9f937f38e3534b1d6447ecf090cafcc9744e4a6360e8b037b2cf5af120"
dependencies = [
 "libc",
]

[[package]]
name = "indexmap"
version = "1.5.2"
source = "registry+https://github.com/rust-lang/crates.io-index"
checksum = "4e47a3566dd4fd4eec714ae6ceabdee0caec795be835c223d92c2d40f1e8cf1c"
dependencies = [
 "autocfg 1.1.0",
 "hashbrown",
]

[[package]]
name = "itertools"
version = "0.10.0"
source = "registry+https://github.com/rust-lang/crates.io-index"
checksum = "37d572918e350e82412fe766d24b15e6682fb2ed2bbe018280caa810397cb319"
dependencies = [
 "either",
]

[[package]]
name = "itoa"
version = "0.3.0"
source = "registry+https://github.com/rust-lang/crates.io-index"
checksum = "91fd9dc2c587067de817fec4ad355e3818c3d893a78cab32a0a474c7a15bb8d5"

[[package]]
name = "js-sys"
version = "0.3.51"
source = "registry+https://github.com/rust-lang/crates.io-index"
checksum = "83bdfbace3a0e81a4253f73b49e960b053e396a11012cbd49b9b74d6a2b67062"
dependencies = [
 "wasm-bindgen",
]

[[package]]
name = "kv-log-macro"
version = "1.0.6"
source = "registry+https://github.com/rust-lang/crates.io-index"
checksum = "4ff57d6d215f7ca7eb35a9a64d656ba4d9d2bef114d741dc08048e75e2f5d418"
dependencies = [
 "log",
]

[[package]]
name = "lazy_static"
version = "1.4.0"
source = "registry+https://github.com/rust-lang/crates.io-index"
checksum = "e2abad23fbc42b3700f2f279844dc832adb2b2eb069b2df918f455c4e18cc646"

[[package]]
name = "libc"
version = "0.2.121"
source = "registry+https://github.com/rust-lang/crates.io-index"
checksum = "efaa7b300f3b5fe8eb6bf21ce3895e1751d9665086af2d64b42f19701015ff4f"

[[package]]
name = "libm"
version = "0.2.0"
source = "registry+https://github.com/rust-lang/crates.io-index"
checksum = "bd11f5048d4b98e6fd9e66612b140ab70fded9186a2346196fde52543a57faa7"

[[package]]
name = "lock_api"
version = "0.4.6"
source = "registry+https://github.com/rust-lang/crates.io-index"
checksum = "88943dd7ef4a2e5a4bfa2753aaab3013e34ce2533d1996fb18ef591e315e2b3b"
dependencies = [
 "scopeguard",
]

[[package]]
name = "log"
version = "0.4.11"
source = "registry+https://github.com/rust-lang/crates.io-index"
checksum = "4fabed175da42fed1fa0746b0ea71f412aa9d35e76e95e59b192c64b9dc2bf8b"
dependencies = [
 "cfg-if 0.1.10",
]

[[package]]
name = "maybe-uninit"
version = "2.0.0"
source = "registry+https://github.com/rust-lang/crates.io-index"
checksum = "60302e4db3a61da70c0cb7991976248362f30319e88850c487b9b95bbf059e00"

[[package]]
name = "memchr"
version = "2.4.0"
source = "registry+https://github.com/rust-lang/crates.io-index"
checksum = "b16bd47d9e329435e309c58469fe0791c2d0d1ba96ec0954152a5ae2b04387dc"

[[package]]
name = "memoffset"
version = "0.5.0"
source = "registry+https://github.com/rust-lang/crates.io-index"
checksum = "dea4bf2ae5c6a9c64c2ba12b0c5a73b2e24d9aa205a1c3e1cdd7d0c0c1bfe3b2"
dependencies = [
 "rustc_version",
]

[[package]]
name = "mio"
version = "0.8.4"
source = "registry+https://github.com/rust-lang/crates.io-index"
checksum = "57ee1c23c7c63b0c9250c339ffdc69255f110b298b901b9f6c82547b7b87caaf"
dependencies = [
 "libc",
 "log",
 "wasi 0.11.0+wasi-snapshot-preview1",
 "windows-sys 0.36.0",
]

[[package]]
name = "multitask"
version = "0.2.0"
source = "registry+https://github.com/rust-lang/crates.io-index"
checksum = "c09c35271e7dcdb5f709779111f2c8e8ab8e06c1b587c1c6a9e179d865aaa5b4"
dependencies = [
 "async-task 3.0.0",
 "concurrent-queue",
 "fastrand",
]

[[package]]
name = "num-traits"
version = "0.1.32"
source = "registry+https://github.com/rust-lang/crates.io-index"
checksum = "51eab148f171aefad295f8cece636fc488b9b392ef544da31ea4b8ef6b9e9c39"

[[package]]
name = "num-traits"
version = "0.2.15"
source = "registry+https://github.com/rust-lang/crates.io-index"
checksum = "578ede34cf02f8924ab9447f50c28075b4d3e5b269972345e7e0372b38c6cdcd"
dependencies = [
 "autocfg 1.1.0",
 "libm",
]

[[package]]
name = "num_cpus"
version = "1.13.0"
source = "registry+https://github.com/rust-lang/crates.io-index"
checksum = "05499f3756671c15885fee9034446956fff3f243d6077b91e5767df161f766b3"
dependencies = [
 "hermit-abi",
 "libc",
]

[[package]]
name = "once_cell"
version = "1.4.1"
source = "registry+https://github.com/rust-lang/crates.io-index"
checksum = "260e51e7efe62b592207e9e13a68e43692a7a279171d6ba57abd208bf23645ad"

[[package]]
name = "oorandom"
version = "11.1.0"
source = "registry+https://github.com/rust-lang/crates.io-index"
checksum = "ebcec7c9c2a95cacc7cd0ecb89d8a8454eca13906f6deb55258ffff0adeb9405"

[[package]]
name = "option-lock"
version = "0.1.0"
source = "registry+https://github.com/rust-lang/crates.io-index"
checksum = "45ab73b5471d096e4b6552c032a60951a359e6e82676d435f3a2f459cdd2781e"

[[package]]
name = "os_str_bytes"
version = "6.0.0"
source = "registry+https://github.com/rust-lang/crates.io-index"
checksum = "8e22443d1643a904602595ba1cd8f7d896afe56d26712531c5ff73a15b2fbf64"
dependencies = [
 "memchr",
]

[[package]]
name = "parking"
version = "2.0.0"
source = "registry+https://github.com/rust-lang/crates.io-index"
checksum = "427c3892f9e783d91cc128285287e70a59e206ca452770ece88a76f7a3eddd72"

[[package]]
name = "parking_lot"
version = "0.12.0"
source = "registry+https://github.com/rust-lang/crates.io-index"
checksum = "87f5ec2493a61ac0506c0f4199f99070cbe83857b0337006a30f3e6719b8ef58"
dependencies = [
 "lock_api",
 "parking_lot_core",
]

[[package]]
name = "parking_lot_core"
version = "0.9.0"
source = "registry+https://github.com/rust-lang/crates.io-index"
checksum = "b2f4f894f3865f6c0e02810fc597300f34dc2510f66400da262d8ae10e75767d"
dependencies = [
 "cfg-if 1.0.0",
 "libc",
 "redox_syscall 0.2.8",
 "smallvec",
 "windows-sys 0.29.0",
]

[[package]]
name = "pin-project-lite"
version = "0.1.12"
source = "registry+https://github.com/rust-lang/crates.io-index"
checksum = "257b64915a082f7811703966789728173279bdebb956b143dbcd23f6f970a777"

[[package]]
name = "pin-project-lite"
version = "0.2.6"
source = "registry+https://github.com/rust-lang/crates.io-index"
checksum = "dc0e1f259c92177c30a4c9d177246edd0a3568b25756a977d0632cf8fa37e905"

[[package]]
name = "pin-utils"
version = "0.1.0"
source = "registry+https://github.com/rust-lang/crates.io-index"
checksum = "8b870d8c151b6f2fb93e84a13146138f05d02ed11c7e7c54f8826aaaf7c9f184"

[[package]]
name = "plotters"
version = "0.3.1"
source = "registry+https://github.com/rust-lang/crates.io-index"
checksum = "32a3fd9ec30b9749ce28cd91f255d569591cdf937fe280c312143e3c4bad6f2a"
dependencies = [
 "num-traits 0.2.15",
 "plotters-backend",
 "plotters-svg",
 "wasm-bindgen",
 "web-sys",
]

[[package]]
name = "plotters-backend"
version = "0.3.0"
source = "registry+https://github.com/rust-lang/crates.io-index"
checksum = "b07fffcddc1cb3a1de753caa4e4df03b79922ba43cf882acc1bdd7e8df9f4590"

[[package]]
name = "plotters-svg"
version = "0.3.0"
source = "registry+https://github.com/rust-lang/crates.io-index"
checksum = "b38a02e23bd9604b842a812063aec4ef702b57989c37b655254bb61c471ad211"
dependencies = [
 "plotters-backend",
]

[[package]]
name = "polling"
version = "1.0.0"
source = "registry+https://github.com/rust-lang/crates.io-index"
checksum = "7fd51d21112d0e6ad135fb7d9c1ae601dba67444da1155cfb69491d2a5114358"
dependencies = [
 "cfg-if 0.1.10",
 "libc",
 "log",
 "wepoll-sys-stjepang",
 "winapi",
]

[[package]]
name = "ppv-lite86"
version = "0.2.8"
source = "registry+https://github.com/rust-lang/crates.io-index"
checksum = "237a5ed80e274dbc66f86bd59c1e25edc039660be53194b5fe0a482e0f2612ea"

[[package]]
name = "proc-macro2"
version = "1.0.52"
source = "registry+https://github.com/rust-lang/crates.io-index"
checksum = "1d0e1ae9e836cc3beddd63db0df682593d7e2d3d891ae8c9083d2113e1744224"
dependencies = [
 "unicode-ident",
]

[[package]]
name = "proptest"
version = "1.1.0"
source = "registry+https://github.com/rust-lang/crates.io-index"
checksum = "29f1b898011ce9595050a68e60f90bad083ff2987a695a42357134c8381fba70"
dependencies = [
 "bit-set",
 "bitflags",
 "byteorder",
 "lazy_static",
 "num-traits 0.2.15",
 "quick-error 2.0.0",
 "rand 0.8.0",
 "rand_chacha",
 "rand_xorshift",
 "regex-syntax",
 "rusty-fork",
 "tempfile",
 "unarray",
]

[[package]]
name = "quick-error"
version = "1.2.0"
source = "registry+https://github.com/rust-lang/crates.io-index"
checksum = "3c36987d4978eb1be2e422b1e0423a557923a5c3e7e6f31d5699e9aafaefa469"

[[package]]
name = "quick-error"
version = "2.0.0"
source = "registry+https://github.com/rust-lang/crates.io-index"
checksum = "3ac73b1112776fc109b2e61909bc46c7e1bf0d7f690ffb1676553acce16d5cda"

[[package]]
name = "quote"
version = "1.0.0"
source = "registry+https://github.com/rust-lang/crates.io-index"
checksum = "7ab938ebe6f1c82426b5fb82eaf10c3e3028c53deaa3fbe38f5904b37cf4d767"
dependencies = [
 "proc-macro2",
]

[[package]]
name = "rand"
version = "0.4.1"
source = "registry+https://github.com/rust-lang/crates.io-index"
checksum = "9d5f78082e6a6d042862611e9640cf20776185fee506cf6cf67e93c6225cee31"
dependencies = [
 "fuchsia-zircon",
 "libc",
]

[[package]]
name = "rand"
version = "0.8.0"
source = "registry+https://github.com/rust-lang/crates.io-index"
checksum = "a76330fb486679b4ace3670f117bbc9e16204005c4bde9c4bd372f45bed34f12"
dependencies = [
 "libc",
 "rand_chacha",
 "rand_core",
]

[[package]]
name = "rand_chacha"
version = "0.3.0"
source = "registry+https://github.com/rust-lang/crates.io-index"
checksum = "e12735cf05c9e10bf21534da50a147b924d555dc7a547c42e6bb2d5b6017ae0d"
dependencies = [
 "ppv-lite86",
 "rand_core",
]

[[package]]
name = "rand_core"
version = "0.6.2"
source = "registry+https://github.com/rust-lang/crates.io-index"
checksum = "34cf66eb183df1c5876e2dcf6b13d57340741e8dc255b48e40a26de954d06ae7"
dependencies = [
 "getrandom",
]

[[package]]
name = "rand_xorshift"
version = "0.3.0"
source = "registry+https://github.com/rust-lang/crates.io-index"
checksum = "d25bf25ec5ae4a3f1b92f929810509a2f53d7dca2f50b794ff57e3face536c8f"
dependencies = [
 "rand_core",
]

[[package]]
name = "rayon"
version = "1.3.0"
source = "registry+https://github.com/rust-lang/crates.io-index"
checksum = "db6ce3297f9c85e16621bb8cca38a06779ffc31bb8184e1be4bed2be4678a098"
dependencies = [
 "crossbeam-deque",
 "either",
 "rayon-core",
]

[[package]]
name = "rayon-core"
version = "1.7.0"
source = "registry+https://github.com/rust-lang/crates.io-index"
checksum = "08a89b46efaf957e52b18062fb2f4660f8b8a4dde1807ca002690868ef2c85a9"
dependencies = [
 "crossbeam-deque",
 "crossbeam-queue 0.2.0",
 "crossbeam-utils 0.7.0",
 "lazy_static",
 "num_cpus",
]

[[package]]
name = "redox_syscall"
version = "0.1.38"
source = "registry+https://github.com/rust-lang/crates.io-index"
checksum = "0a12d51a5b5fd700e6c757f15877685bfa04fd7eb60c108f01d045cafa0073c2"

[[package]]
name = "redox_syscall"
version = "0.2.8"
source = "registry+https://github.com/rust-lang/crates.io-index"
checksum = "742739e41cd49414de871ea5e549afb7e2a3ac77b589bcbebe8c82fab37147fc"
dependencies = [
 "bitflags",
]

[[package]]
name = "redox_termios"
version = "0.1.0"
source = "registry+https://github.com/rust-lang/crates.io-index"
checksum = "bc495930de8d330f14856cface52561b7d79a072c76e438cf8f34d7233a35fa7"
dependencies = [
 "redox_syscall 0.1.38",
]

[[package]]
name = "regex"
version = "1.7.1"
source = "registry+https://github.com/rust-lang/crates.io-index"
checksum = "48aaa5748ba571fb95cd2c85c09f629215d3a6ece942baa100950af03a34f733"
dependencies = [
 "aho-corasick",
 "memchr",
 "regex-syntax",
]

[[package]]
name = "regex-syntax"
version = "0.6.27"
source = "registry+https://github.com/rust-lang/crates.io-index"
checksum = "a3f87b73ce11b1619a3c6332f45341e0047173771e8b8b73f87bfeefb7b56244"

[[package]]
name = "remove_dir_all"
version = "0.5.0"
source = "registry+https://github.com/rust-lang/crates.io-index"
checksum = "dfc5b3ce5d5ea144bb04ebd093a9e14e9765bcfec866aecda9b6dec43b3d1e24"
dependencies = [
 "winapi",
]

[[package]]
name = "rustc_version"
version = "0.2.3"
source = "registry+https://github.com/rust-lang/crates.io-index"
checksum = "138e3e0acb6c9fb258b19b67cb8abd63c00679d2851805ea151465464fe9030a"
dependencies = [
 "semver",
]

[[package]]
name = "rusty-fork"
version = "0.3.0"
source = "registry+https://github.com/rust-lang/crates.io-index"
checksum = "cb3dcc6e454c328bb824492db107ab7c0ae8fcffe4ad210136ef014458c1bc4f"
dependencies = [
 "fnv",
 "quick-error 1.2.0",
 "tempfile",
 "wait-timeout",
]

[[package]]
name = "same-file"
version = "1.0.1"
source = "registry+https://github.com/rust-lang/crates.io-index"
checksum = "f3257af0472da4b8b8902102a57bafffd9991f0f43772a8af6153d597e6e4ae2"
dependencies = [
 "winapi",
]

[[package]]
name = "scopeguard"
version = "1.1.0"
source = "registry+https://github.com/rust-lang/crates.io-index"
checksum = "d29ab0c6d3fc0ee92fe66e2d99f700eab17a8d57d1c1d3b748380fb20baa78cd"

[[package]]
name = "semver"
version = "0.9.0"
source = "registry+https://github.com/rust-lang/crates.io-index"
checksum = "1d7eb9ef2c18661902cc47e535f9bc51b78acd254da71d375c2f6720d9a40403"
dependencies = [
 "semver-parser",
]

[[package]]
name = "semver-parser"
version = "0.7.0"
source = "registry+https://github.com/rust-lang/crates.io-index"
checksum = "388a1df253eca08550bef6c72392cfe7c30914bf41df5269b68cbd6ff8f570a3"

[[package]]
name = "serde"
version = "1.0.156"
source = "registry+https://github.com/rust-lang/crates.io-index"
checksum = "314b5b092c0ade17c00142951e50ced110ec27cea304b1037c6969246c2469a4"
dependencies = [
 "serde_derive",
]

[[package]]
name = "serde_derive"
version = "1.0.156"
source = "registry+https://github.com/rust-lang/crates.io-index"
checksum = "d7e29c4601e36bcec74a223228dce795f4cd3616341a4af93520ca1a837c087d"
dependencies = [
 "proc-macro2",
 "quote",
 "syn",
]

[[package]]
name = "serde_json"
version = "1.0.0"
source = "registry+https://github.com/rust-lang/crates.io-index"
checksum = "e9b1ec939469a124b27e208106550c38358ed4334d2b1b5b3825bc1ee37d946a"
dependencies = [
 "dtoa",
 "itoa",
 "num-traits 0.1.32",
 "serde",
]

[[package]]
name = "signal-hook"
version = "0.1.16"
source = "registry+https://github.com/rust-lang/crates.io-index"
checksum = "604508c1418b99dfe1925ca9224829bb2a8a9a04dda655cc01fcad46f4ab05ed"
dependencies = [
 "libc",
 "signal-hook-registry",
]

[[package]]
name = "signal-hook-registry"
version = "1.2.0"
source = "registry+https://github.com/rust-lang/crates.io-index"
checksum = "94f478ede9f64724c5d173d7bb56099ec3e2d9fc2774aac65d34b8b890405f41"
dependencies = [
 "arc-swap",
 "libc",
]

[[package]]
name = "simple-pool"
version = "0.0.11"
source = "registry+https://github.com/rust-lang/crates.io-index"
checksum = "221c4d7aa7a3aab1262af53537c9e24ce4436b72a8b7a1534ff371ae2f38c294"

[[package]]
name = "slab"
version = "0.4.2"
source = "registry+https://github.com/rust-lang/crates.io-index"
checksum = "c111b5bd5695e56cffe5129854aa230b39c93a305372fdbb2668ca2394eea9f8"

[[package]]
name = "smallvec"
version = "1.6.1"
source = "registry+https://github.com/rust-lang/crates.io-index"
checksum = "fe0f37c9e8f3c5a4a66ad655a93c74daac4ad00c441533bf5c6e7990bb42604e"

[[package]]
name = "socket2"
version = "0.3.16"
source = "registry+https://github.com/rust-lang/crates.io-index"
checksum = "7fd8b795c389288baa5f355489c65e71fd48a02104600d15c4cfbc561e9e429d"
dependencies = [
 "cfg-if 0.1.10",
 "libc",
 "redox_syscall 0.1.38",
 "winapi",
]

[[package]]
name = "socket2"
version = "0.4.4"
source = "registry+https://github.com/rust-lang/crates.io-index"
checksum = "66d72b759436ae32898a2af0a14218dbf55efde3feeb170eb623637db85ee1e0"
dependencies = [
 "libc",
 "winapi",
]

[[package]]
name = "syn"
version = "1.0.109"
source = "registry+https://github.com/rust-lang/crates.io-index"
checksum = "72b64191b275b66ffe2469e8af2c1cfe3bafa67b529ead792a6d0160888b4237"
dependencies = [
 "proc-macro2",
 "quote",
 "unicode-ident",
]

[[package]]
name = "tempfile"
version = "3.0.2"
source = "registry+https://github.com/rust-lang/crates.io-index"
checksum = "47776f63b85777d984a50ce49d6b9e58826b6a3766a449fc95bc66cd5663c15b"
dependencies = [
 "libc",
 "rand 0.4.1",
 "redox_syscall 0.1.38",
 "remove_dir_all",
 "winapi",
]

[[package]]
name = "termion"
version = "1.5.0"
source = "registry+https://github.com/rust-lang/crates.io-index"
checksum = "8affd752d0f2c7127d6d5f1b98182a5471606b48b1a955165d39eb5e4887ceba"
dependencies = [
 "libc",
 "redox_syscall 0.1.38",
 "redox_termios",
]

[[package]]
name = "textwrap"
version = "0.14.0"
source = "registry+https://github.com/rust-lang/crates.io-index"
checksum = "f59f5365546b8424b0cc48868ae4fbbbc29a538dcc496b53543525201034f0c2"

[[package]]
name = "tinytemplate"
version = "1.1.0"
source = "registry+https://github.com/rust-lang/crates.io-index"
checksum = "6d3dc76004a03cec1c5932bca4cdc2e39aaa798e3f82363dd94f9adf6098c12f"
dependencies = [
 "serde",
 "serde_json",
]

[[package]]
name = "tokio"
version = "1.26.0"
source = "registry+https://github.com/rust-lang/crates.io-index"
checksum = "03201d01c3c27a29c8a5cee5b55a93ddae1ccf6f08f65365c2c918f8c1b76f64"
dependencies = [
 "autocfg 1.1.0",
 "bytes",
 "libc",
 "memchr",
 "mio",
 "num_cpus",
 "parking_lot",
 "pin-project-lite 0.2.6",
 "signal-hook-registry",
 "socket2 0.4.4",
 "tokio-macros",
 "windows-sys 0.45.0",
]

[[package]]
name = "tokio-macros"
version = "1.7.0"
source = "registry+https://github.com/rust-lang/crates.io-index"
checksum = "b557f72f448c511a979e2564e55d74e6c4432fc96ff4f6241bc6bded342643b7"
dependencies = [
 "proc-macro2",
 "quote",
 "syn",
]

[[package]]
name = "tub"
version = "0.3.1"
dependencies = [
 "async-object-pool",
 "async-resource",
 "criterion",
 "crossbeam-queue 0.3.8",
 "crossbeam-utils 0.8.15",
 "futures",
 "proptest",
 "regex",
 "serde",
 "simple-pool",
 "tokio",
]

[[package]]
name = "unarray"
version = "0.1.4"
source = "registry+https://github.com/rust-lang/crates.io-index"
checksum = "eaea85b334db583fe3274d12b4cd1880032beab409c0d774be044d4480ab9a94"

[[package]]
name = "unicode-ident"
version = "1.0.8"
source = "registry+https://github.com/rust-lang/crates.io-index"
checksum = "e5464a87b239f13a63a501f2701565754bae92d243d4bb7eb12f6d57d2269bf4"

[[package]]
name = "vec-arena"
version = "1.0.0"
source = "registry+https://github.com/rust-lang/crates.io-index"
checksum = "eafc1b9b2dfc6f5529177b62cf806484db55b32dc7c9658a118e11bbeb33061d"

[[package]]
name = "wait-timeout"
version = "0.2.0"
source = "registry+https://github.com/rust-lang/crates.io-index"
checksum = "9f200f5b12eb75f8c1ed65abd4b2db8a6e1b138a20de009dacee265a2498f3f6"
dependencies = [
 "libc",
]

[[package]]
name = "waker-fn"
version = "1.0.0"
source = "registry+https://github.com/rust-lang/crates.io-index"
checksum = "9571542c2ce85ce642e6b58b3364da2fb53526360dfb7c211add4f5c23105ff7"

[[package]]
name = "walkdir"
version = "2.3.0"
source = "registry+https://github.com/rust-lang/crates.io-index"
checksum = "11f4ebb15cedacc4a9f5c3469ca29787482d0b7502ff5a4a47ed1f55b987c9b4"
dependencies = [
 "same-file",
 "winapi",
 "winapi-util",
]

[[package]]
name = "wasi"
version = "0.9.0+wasi-snapshot-preview1"
source = "registry+https://github.com/rust-lang/crates.io-index"
checksum = "cccddf32554fecc6acb585f82a32a72e28b48f8c4c1883ddfeeeaa96f7d8e519"

[[package]]
name = "wasi"
version = "0.11.0+wasi-snapshot-preview1"
source = "registry+https://github.com/rust-lang/crates.io-index"
checksum = "9c8d87e72b64a3b4db28d11ce29237c246188f4f51057d65a7eab63b7987e423"

[[package]]
name = "wasm-bindgen"
version = "0.2.74"
source = "registry+https://github.com/rust-lang/crates.io-index"
checksum = "d54ee1d4ed486f78874278e63e4069fc1ab9f6a18ca492076ffb90c5eb2997fd"
dependencies = [
 "cfg-if 1.0.0",
 "wasm-bindgen-macro",
]

[[package]]
name = "wasm-bindgen-backend"
version = "0.2.74"
source = "registry+https://github.com/rust-lang/crates.io-index"
checksum = "3b33f6a0694ccfea53d94db8b2ed1c3a8a4c86dd936b13b9f0a15ec4a451b900"
dependencies = [
 "bumpalo",
 "lazy_static",
 "log",
 "proc-macro2",
 "quote",
 "syn",
 "wasm-bindgen-shared",
]

[[package]]
name = "wasm-bindgen-futures"
version = "0.4.10"
source = "registry+https://github.com/rust-lang/crates.io-index"
checksum = "7add542ea1ac7fdaa9dc25e031a6af33b7d63376292bd24140c637d00d1c312a"
dependencies = [
 "cfg-if 0.1.10",
 "js-sys",
 "wasm-bindgen",
 "web-sys",
]

[[package]]
name = "wasm-bindgen-macro"
version = "0.2.74"
source = "registry+https://github.com/rust-lang/crates.io-index"
checksum = "088169ca61430fe1e58b8096c24975251700e7b1f6fd91cc9d59b04fb9b18bd4"
dependencies = [
 "quote",
 "wasm-bindgen-macro-support",
]

[[package]]
name = "wasm-bindgen-macro-support"
version = "0.2.74"
source = "registry+https://github.com/rust-lang/crates.io-index"
checksum = "be2241542ff3d9f241f5e2cb6dd09b37efe786df8851c54957683a49f0987a97"
dependencies = [
 "proc-macro2",
 "quote",
 "syn",
 "wasm-bindgen-backend",
 "wasm-bindgen-shared",
]

[[package]]
name = "wasm-bindgen-shared"
version = "0.2.74"
source = "registry+https://github.com/rust-lang/crates.io-index"
checksum = "d7cff876b8f18eed75a66cf49b65e7f967cb354a7aa16003fb55dbfd25b44b4f"

[[package]]
name = "web-sys"
version = "0.3.51"
source = "registry+https://github.com/rust-lang/crates.io-index"
checksum = "e828417b379f3df7111d3a2a9e5753706cae29c41f7c4029ee9fd77f3e09e582"
dependencies = [
 "js-sys",
 "wasm-bindgen",
]

[[package]]
name = "wepoll-sys-stjepang"
version = "1.0.6"
source = "registry+https://github.com/rust-lang/crates.io-index"
checksum = "6fd319e971980166b53e17b1026812ad66c6b54063be879eb182342b55284694"
dependencies = [
 "cc",
]

[[package]]
name = "winapi"
version = "0.3.9"
source = "registry+https://github.com/rust-lang/crates.io-index"
checksum = "5c839a674fcd7a98952e593242ea400abe93992746761e38641405d28b00f419"
dependencies = [
 "winapi-i686-pc-windows-gnu",
 "winapi-x86_64-pc-windows-gnu",
]

[[package]]
name = "winapi-i686-pc-windows-gnu"
version = "0.4.0"
source = "registry+https://github.com/rust-lang/crates.io-index"
checksum = "ac3b87c63620426dd9b991e5ce0329eff545bccbbb34f3be09ff6fb6ab51b7b6"

[[package]]
name = "winapi-util"
version = "0.1.1"
source = "registry+https://github.com/rust-lang/crates.io-index"
checksum = "afc5508759c5bf4285e61feb862b6083c8480aec864fa17a81fdec6f69b461ab"
dependencies = [
 "winapi",
]

[[package]]
name = "winapi-x86_64-pc-windows-gnu"
version = "0.4.0"
source = "registry+https://github.com/rust-lang/crates.io-index"
checksum = "712e227841d057c1ee1cd2fb22fa7e5a5461ae8e48fa2ca79ec42cfc1931183f"

[[package]]
name = "windows-sys"
version = "0.29.0"
source = "registry+https://github.com/rust-lang/crates.io-index"
checksum = "ceb069ac8b2117d36924190469735767f0990833935ab430155e71a44bafe148"
dependencies = [
 "windows_aarch64_msvc 0.29.0",
 "windows_i686_gnu 0.29.0",
 "windows_i686_msvc 0.29.0",
 "windows_x86_64_gnu 0.29.0",
 "windows_x86_64_msvc 0.29.0",
]

[[package]]
name = "windows-sys"
version = "0.36.0"
source = "registry+https://github.com/rust-lang/crates.io-index"
checksum = "f375ae76a43fd649c5a3482a4a3e28eced2267adaefa55422bf7e92696a7dac5"
dependencies = [
 "windows_aarch64_msvc 0.36.0",
 "windows_i686_gnu 0.36.0",
 "windows_i686_msvc 0.36.0",
 "windows_x86_64_gnu 0.36.0",
 "windows_x86_64_msvc 0.36.0",
]

[[package]]
name = "windows-sys"
version = "0.45.0"
source = "registry+https://github.com/rust-lang/crates.io-index"
checksum = "75283be5efb2831d37ea142365f009c02ec203cd29a3ebecbc093d52315b66d0"
dependencies = [
 "windows-targets",
]

[[package]]
name = "windows-targets"
version = "0.42.1"
source = "registry+https://github.com/rust-lang/crates.io-index"
checksum = "8e2522491fbfcd58cc84d47aeb2958948c4b8982e9a2d8a2a35bbaed431390e7"
dependencies = [
 "windows_aarch64_gnullvm",
 "windows_aarch64_msvc 0.42.1",
 "windows_i686_gnu 0.42.1",
 "windows_i686_msvc 0.42.1",
 "windows_x86_64_gnu 0.42.1",
 "windows_x86_64_gnullvm",
 "windows_x86_64_msvc 0.42.1",
]

[[package]]
name = "windows_aarch64_gnullvm"
version = "0.42.1"
source = "registry+https://github.com/rust-lang/crates.io-index"
checksum = "8c9864e83243fdec7fc9c5444389dcbbfd258f745e7853198f365e3c4968a608"

[[package]]
name = "windows_aarch64_msvc"
version = "0.29.0"
source = "registry+https://github.com/rust-lang/crates.io-index"
checksum = "c3d027175d00b01e0cbeb97d6ab6ebe03b12330a35786cbaca5252b1c4bf5d9b"

[[package]]
name = "windows_aarch64_msvc"
version = "0.36.0"
source = "registry+https://github.com/rust-lang/crates.io-index"
checksum = "4bee8cd327bbef19bf86d30bd66379f57905166d3103b0e2eff4a491b85e421d"

[[package]]
name = "windows_aarch64_msvc"
version = "0.42.1"
source = "registry+https://github.com/rust-lang/crates.io-index"
checksum = "4c8b1b673ffc16c47a9ff48570a9d85e25d265735c503681332589af6253c6c7"

[[package]]
name = "windows_i686_gnu"
version = "0.29.0"
source = "registry+https://github.com/rust-lang/crates.io-index"
checksum = "8793f59f7b8e8b01eda1a652b2697d87b93097198ae85f823b969ca5b89bba58"

[[package]]
name = "windows_i686_gnu"
version = "0.36.0"
source = "registry+https://github.com/rust-lang/crates.io-index"
checksum = "3b759cc6e3d97970c98cffe461739e89ab6d424ba5e2e7d3b9b05a2d56116057"

[[package]]
name = "windows_i686_gnu"
version = "0.42.1"
source = "registry+https://github.com/rust-lang/crates.io-index"
checksum = "de3887528ad530ba7bdbb1faa8275ec7a1155a45ffa57c37993960277145d640"

[[package]]
name = "windows_i686_msvc"
version = "0.29.0"
source = "registry+https://github.com/rust-lang/crates.io-index"
checksum = "8602f6c418b67024be2996c512f5f995de3ba417f4c75af68401ab8756796ae4"

[[package]]
name = "windows_i686_msvc"
version = "0.36.0"
source = "registry+https://github.com/rust-lang/crates.io-index"
checksum = "7a0cee91bff283876711f91e7db0aa234438bc663a9d8304596df00b0a6fd6ef"

[[package]]
name = "windows_i686_msvc"
version = "0.42.1"
source = "registry+https://github.com/rust-lang/crates.io-index"
checksum = "bf4d1122317eddd6ff351aa852118a2418ad4214e6613a50e0191f7004372605"

[[package]]
name = "windows_x86_64_gnu"
version = "0.29.0"
source = "registry+https://github.com/rust-lang/crates.io-index"
checksum = "f3d615f419543e0bd7d2b3323af0d86ff19cbc4f816e6453f36a2c2ce889c354"

[[package]]
name = "windows_x86_64_gnu"
version = "0.36.0"
source = "registry+https://github.com/rust-lang/crates.io-index"
checksum = "51e8c6f778aa4383b033ff785191aea0f1ebeceedc160c2c92f944ef7e191476"

[[package]]
name = "windows_x86_64_gnu"
version = "0.42.1"
source = "registry+https://github.com/rust-lang/crates.io-index"
checksum = "c1040f221285e17ebccbc2591ffdc2d44ee1f9186324dd3e84e99ac68d699c45"

[[package]]
name = "windows_x86_64_gnullvm"
version = "0.42.1"
source = "registry+https://github.com/rust-lang/crates.io-index"
checksum = "628bfdf232daa22b0d64fdb62b09fcc36bb01f05a3939e20ab73aaf9470d0463"

[[package]]
name = "windows_x86_64_msvc"
version = "0.29.0"
source = "registry+https://github.com/rust-lang/crates.io-index"
checksum = "11d95421d9ed3672c280884da53201a5c46b7b2765ca6faf34b0d71cf34a3561"

[[package]]
name = "windows_x86_64_msvc"
version = "0.36.0"
source = "registry+https://github.com/rust-lang/crates.io-index"
checksum = "1dd6a8b0b1ea4331e4db47192729fce42ac8a110fd22bb3abac555d8d7700f29"

[[package]]
name = "windows_x86_64_msvc"
version = "0.42.1"
source = "registry+https://github.com/rust-lang/crates.io-index"
checksum = "447660ad36a13288b1db4d4248e857b510e8c3a225c822ba4fb748c0aafecffd"
